// !$*UTF8*$!
{
	archiveVersion = 1;
	classes = {
	};
	objectVersion = 77;
	objects = {

/* Begin PBXBuildFile section */
		A10100000000000000000001 /* Diagnostics in Frameworks */ = {isa = PBXBuildFile; productRef = A10100000000000000000003 /* Diagnostics */; };
		A10100000000000000000002 /* Diagnostics in Frameworks */ = {isa = PBXBuildFile; productRef = A10100000000000000000004 /* Diagnostics */; };
		A10200000000000000000001 /* MusicXML in Frameworks */ = {isa = PBXBuildFile; productRef = A10200000000000000000004 /* MusicXML */; };
		A10200000000000000000002 /* MusicXML in Frameworks */ = {isa = PBXBuildFile; productRef = A10200000000000000000005 /* MusicXML */; };
		A10200000000000000000003 /* HappyPianistTestFixtures in Frameworks */ = {isa = PBXBuildFile; productRef = A10200000000000000000006 /* HappyPianistTestFixtures */; };
		A10300000000000000000001 /* MIDI in Frameworks */ = {isa = PBXBuildFile; productRef = A10300000000000000000003 /* MIDI */; };
		A10300000000000000000002 /* MIDI in Frameworks */ = {isa = PBXBuildFile; productRef = A10300000000000000000004 /* MIDI */; };
		A10400000000000000000001 /* Practice in Frameworks */ = {isa = PBXBuildFile; productRef = A10400000000000000000003 /* Practice */; };
		A10400000000000000000002 /* Practice in Frameworks */ = {isa = PBXBuildFile; productRef = A10400000000000000000004 /* Practice */; };
		A10500000000000000000001 /* Notation in Frameworks */ = {isa = PBXBuildFile; productRef = A10500000000000000000003 /* Notation */; };
		A10500000000000000000002 /* Notation in Frameworks */ = {isa = PBXBuildFile; productRef = A10500000000000000000004 /* Notation */; };
		A10600000000000000000001 /* Library in Frameworks */ = {isa = PBXBuildFile; productRef = A10600000000000000000003 /* Library */; };
		A10600000000000000000002 /* Library in Frameworks */ = {isa = PBXBuildFile; productRef = A10600000000000000000004 /* Library */; };
		B20100000000000000000001 /* Diagnostics in Frameworks */ = {isa = PBXBuildFile; productRef = B21000000000000000000001 /* Diagnostics */; };
		B20100000000000000000002 /* MusicXML in Frameworks */ = {isa = PBXBuildFile; productRef = B21000000000000000000002 /* MusicXML */; };
		B20100000000000000000003 /* MIDI in Frameworks */ = {isa = PBXBuildFile; productRef = B21000000000000000000003 /* MIDI */; };
		B20100000000000000000004 /* Practice in Frameworks */ = {isa = PBXBuildFile; productRef = B21000000000000000000004 /* Practice */; };
		B20100000000000000000005 /* Notation in Frameworks */ = {isa = PBXBuildFile; productRef = B21000000000000000000005 /* Notation */; };
		B20100000000000000000006 /* Library in Frameworks */ = {isa = PBXBuildFile; productRef = B21000000000000000000006 /* Library */; };
		B20200000000000000000001 /* Diagnostics in Frameworks */ = {isa = PBXBuildFile; productRef = B21100000000000000000001 /* Diagnostics */; };
		B20200000000000000000002 /* MusicXML in Frameworks */ = {isa = PBXBuildFile; productRef = B21100000000000000000002 /* MusicXML */; };
		B20200000000000000000003 /* HappyPianistTestFixtures in Frameworks */ = {isa = PBXBuildFile; productRef = B21100000000000000000003 /* HappyPianistTestFixtures */; };
		B20200000000000000000004 /* MIDI in Frameworks */ = {isa = PBXBuildFile; productRef = B21100000000000000000004 /* MIDI */; };
		B20200000000000000000005 /* Practice in Frameworks */ = {isa = PBXBuildFile; productRef = B21100000000000000000005 /* Practice */; };
		B20200000000000000000006 /* Library in Frameworks */ = {isa = PBXBuildFile; productRef = B21100000000000000000006 /* Library */; };
		D85596AE2F83FF72005BE7FE /* RealityKitContent in Frameworks */ = {isa = PBXBuildFile; productRef = D85596AD2F83FF72005BE7FE /* RealityKitContent */; };
/* End PBXBuildFile section */

/* Begin PBXContainerItemProxy section */
		B20700000000000000000001 /* PBXContainerItemProxy */ = {
			isa = PBXContainerItemProxy;
			containerPortal = D8D428052F4DFD3800EC9C9B /* Project object */;
			proxyType = 1;
			remoteGlobalIDString = B20300000000000000000001;
			remoteInfo = HappyPianistMac;
		};
		D85596BD2F83FF74005BE7FE /* PBXContainerItemProxy */ = {
			isa = PBXContainerItemProxy;
			containerPortal = D8D428052F4DFD3800EC9C9B /* Project object */;
			proxyType = 1;
			remoteGlobalIDString = D85596A82F83FF72005BE7FE;
			remoteInfo = HappyPianistAVP;
		};
/* End PBXContainerItemProxy section */

/* Begin PBXFileReference section */
		B20400000000000000000001 /* HappyPianistMac.app */ = {isa = PBXFileReference; explicitFileType = wrapper.application; includeInIndex = 0; path = HappyPianistMac.app; sourceTree = BUILT_PRODUCTS_DIR; };
		B20400000000000000000002 /* HappyPianistMacTests.xctest */ = {isa = PBXFileReference; explicitFileType = wrapper.cfbundle; includeInIndex = 0; path = HappyPianistMacTests.xctest; sourceTree = BUILT_PRODUCTS_DIR; };
		D85596AC2F83FF72005BE7FE /* RealityKitContent */ = {isa = PBXFileReference; lastKnownFileType = text; path = RealityKitContent; sourceTree = "<group>"; };
		D8C8848D2FC3623C00F1D94F /* HappyPianistAVP.app */ = {isa = PBXFileReference; explicitFileType = wrapper.application; includeInIndex = 0; path = HappyPianistAVP.app; sourceTree = BUILT_PRODUCTS_DIR; };
		D8C8848F2FC3623C00F1D94F /* HappyPianistAVPTests.xctest */ = {isa = PBXFileReference; explicitFileType = wrapper.cfbundle; includeInIndex = 0; path = HappyPianistAVPTests.xctest; sourceTree = BUILT_PRODUCTS_DIR; };
/* End PBXFileReference section */

/* Begin PBXFileSystemSynchronizedBuildFileExceptionSet section */
		B20500000000000000000003 /* Exceptions for "HappyPianistMac" folder in "HappyPianistMac" target */ = {
			isa = PBXFileSystemSynchronizedBuildFileExceptionSet;
			membershipExceptions = (
				Info.plist,
			);
			target = B20300000000000000000001 /* HappyPianistMac */;
		};
		D85596C62F83FF74005BE7FE /* Exceptions for "HappyPianistAVP" folder in "HappyPianistAVP" target */ = {
			isa = PBXFileSystemSynchronizedBuildFileExceptionSet;
			membershipExceptions = (
				Resources/Info.plist,
			);
			target = D85596A82F83FF72005BE7FE /* HappyPianistAVP */;
		};
/* End PBXFileSystemSynchronizedBuildFileExceptionSet section */

/* Begin PBXFileSystemSynchronizedRootGroup section */
		B20500000000000000000001 /* HappyPianistMac */ = {
			isa = PBXFileSystemSynchronizedRootGroup;
			exceptions = (
				B20500000000000000000003 /* Exceptions for "HappyPianistMac" folder in "HappyPianistMac" target */,
			);
			path = HappyPianistMac;
			sourceTree = "<group>";
		};
		B20500000000000000000002 /* HappyPianistMacTests */ = {
			isa = PBXFileSystemSynchronizedRootGroup;
			path = HappyPianistMacTests;
			sourceTree = "<group>";
		};
		D85596AA2F83FF72005BE7FE /* HappyPianistAVP */ = {
			isa = PBXFileSystemSynchronizedRootGroup;
			exceptions = (
				D85596C62F83FF74005BE7FE /* Exceptions for "HappyPianistAVP" folder in "HappyPianistAVP" target */,
			);
			path = HappyPianistAVP;
			sourceTree = "<group>";
		};
		D85596BF2F83FF74005BE7FE /* HappyPianistAVPTests */ = {
			isa = PBXFileSystemSynchronizedRootGroup;
			path = HappyPianistAVPTests;
			sourceTree = "<group>";
		};
/* End PBXFileSystemSynchronizedRootGroup section */

/* Begin PBXFrameworksBuildPhase section */
		B20600000000000000000002 /* Frameworks */ = {
			isa = PBXFrameworksBuildPhase;
			buildActionMask = 2147483647;
			files = (
				B20100000000000000000001 /* Diagnostics in Frameworks */,
				B20100000000000000000002 /* MusicXML in Frameworks */,
				B20100000000000000000003 /* MIDI in Frameworks */,
				B20100000000000000000004 /* Practice in Frameworks */,
				B20100000000000000000005 /* Notation in Frameworks */,
				B20100000000000000000006 /* Library in Frameworks */,
			);
			runOnlyForDeploymentPostprocessing = 0;
		};
		B20600000000000000000005 /* Frameworks */ = {
			isa = PBXFrameworksBuildPhase;
			buildActionMask = 2147483647;
			files = (
				B20200000000000000000001 /* Diagnostics in Frameworks */,
				B20200000000000000000002 /* MusicXML in Frameworks */,
				B20200000000000000000003 /* HappyPianistTestFixtures in Frameworks */,
				B20200000000000000000004 /* MIDI in Frameworks */,
				B20200000000000000000005 /* Practice in Frameworks */,
				B20200000000000000000006 /* Library in Frameworks */,
			);
			runOnlyForDeploymentPostprocessing = 0;
		};
		D85596A62F83FF72005BE7FE /* Frameworks */ = {
			isa = PBXFrameworksBuildPhase;
			buildActionMask = 2147483647;
			files = (
				D85596AE2F83FF72005BE7FE /* RealityKitContent in Frameworks */,
				A10100000000000000000001 /* Diagnostics in Frameworks */,
				A10200000000000000000001 /* MusicXML in Frameworks */,
				A10300000000000000000001 /* MIDI in Frameworks */,
				A10400000000000000000001 /* Practice in Frameworks */,
				A10500000000000000000001 /* Notation in Frameworks */,
				A10600000000000000000001 /* Library in Frameworks */,
			);
			runOnlyForDeploymentPostprocessing = 0;
		};
		D85596B92F83FF74005BE7FE /* Frameworks */ = {
			isa = PBXFrameworksBuildPhase;
			buildActionMask = 2147483647;
			files = (
				A10200000000000000000003 /* HappyPianistTestFixtures in Frameworks */,
			);
			runOnlyForDeploymentPostprocessing = 0;
		};
/* End PBXFrameworksBuildPhase section */

/* Begin PBXGroup section */
		D85596AB2F83FF72005BE7FE /* Packages */ = {
			isa = PBXGroup;
			children = (
				D85596AC2F83FF72005BE7FE /* RealityKitContent */,
			);
			path = Packages;
			sourceTree = "<group>";
		};
		D8D428042F4DFD3800EC9C9B = {
			isa = PBXGroup;
			children = (
				D8C8848D2FC3623C00F1D94F /* HappyPianistAVP.app */,
				D8C8848F2FC3623C00F1D94F /* HappyPianistAVPTests.xctest */,
				B20400000000000000000001 /* HappyPianistMac.app */,
				B20400000000000000000002 /* HappyPianistMacTests.xctest */,
				D85596AA2F83FF72005BE7FE /* HappyPianistAVP */,
				D85596BF2F83FF74005BE7FE /* HappyPianistAVPTests */,
				B20500000000000000000001 /* HappyPianistMac */,
				B20500000000000000000002 /* HappyPianistMacTests */,
				D85596AB2F83FF72005BE7FE /* Packages */,
			);
			sourceTree = "<group>";
		};
/* End PBXGroup section */

/* Begin PBXNativeTarget section */
		B20300000000000000000001 /* HappyPianistMac */ = {
			isa = PBXNativeTarget;
			buildConfigurationList = B20900000000000000000001 /* Build configuration list for PBXNativeTarget "HappyPianistMac" */;
			buildPhases = (
				B20600000000000000000001 /* Sources */,
				B20600000000000000000002 /* Frameworks */,
				B20600000000000000000003 /* Resources */,
			);
			buildRules = (
			);
			dependencies = (
			);
			fileSystemSynchronizedGroups = (
				B20500000000000000000001 /* HappyPianistMac */,
			);
			name = HappyPianistMac;
			packageProductDependencies = (
				B21000000000000000000001 /* Diagnostics */,
				B21000000000000000000002 /* MusicXML */,
				B21000000000000000000003 /* MIDI */,
				B21000000000000000000004 /* Practice */,
				B21000000000000000000005 /* Notation */,
				B21000000000000000000006 /* Library */,
			);
			productName = HappyPianistMac;
			productReference = B20400000000000000000001 /* HappyPianistMac.app */;
			productType = "com.apple.product-type.application";
		};
		B20300000000000000000002 /* HappyPianistMacTests */ = {
			isa = PBXNativeTarget;
			buildConfigurationList = B20900000000000000000002 /* Build configuration list for PBXNativeTarget "HappyPianistMacTests" */;
			buildPhases = (
				B20600000000000000000004 /* Sources */,
				B20600000000000000000005 /* Frameworks */,
				B20600000000000000000006 /* Resources */,
			);
			buildRules = (
			);
			dependencies = (
				B20700000000000000000002 /* PBXTargetDependency */,
			);
			fileSystemSynchronizedGroups = (
				B20500000000000000000002 /* HappyPianistMacTests */,
			);
			name = HappyPianistMacTests;
			packageProductDependencies = (
				B21100000000000000000001 /* Diagnostics */,
				B21100000000000000000002 /* MusicXML */,
				B21100000000000000000003 /* HappyPianistTestFixtures */,
				B21100000000000000000004 /* MIDI */,
				B21100000000000000000005 /* Practice */,
				B21100000000000000000006 /* Library */,
			);
			productName = HappyPianistMacTests;
			productReference = B20400000000000000000002 /* HappyPianistMacTests.xctest */;
			productType = "com.apple.product-type.bundle.unit-test";
		};
		D85596A82F83FF72005BE7FE /* HappyPianistAVP */ = {
			isa = PBXNativeTarget;
			buildConfigurationList = D85596C72F83FF74005BE7FE /* Build configuration list for PBXNativeTarget "HappyPianistAVP" */;
			buildPhases = (
				D85596A52F83FF72005BE7FE /* Sources */,
				D85596A62F83FF72005BE7FE /* Frameworks */,
				D85596A72F83FF72005BE7FE /* Resources */,
			);
			buildRules = (
			);
			dependencies = (
			);
			fileSystemSynchronizedGroups = (
				D85596AA2F83FF72005BE7FE /* HappyPianistAVP */,
			);
			name = HappyPianistAVP;
			packageProductDependencies = (
				D85596AD2F83FF72005BE7FE /* RealityKitContent */,
				A10100000000000000000003 /* Diagnostics */,
				A10200000000000000000004 /* MusicXML */,
				A10300000000000000000003 /* MIDI */,
				A10400000000000000000003 /* Practice */,
				A10500000000000000000003 /* Notation */,
				A10600000000000000000003 /* Library */,
			);
			productName = HappyPianistAVP;
			productReference = D8C8848D2FC3623C00F1D94F /* HappyPianistAVP.app */;
			productType = "com.apple.product-type.application";
		};
		D85596BB2F83FF74005BE7FE /* HappyPianistAVPTests */ = {
			isa = PBXNativeTarget;
			buildConfigurationList = D85596C82F83FF74005BE7FE /* Build configuration list for PBXNativeTarget "HappyPianistAVPTests" */;
			buildPhases = (
				D85596B82F83FF74005BE7FE /* Sources */,
				D85596B92F83FF74005BE7FE /* Frameworks */,
				D85596BA2F83FF74005BE7FE /* Resources */,
			);
			buildRules = (
			);
			dependencies = (
				D85596BE2F83FF74005BE7FE /* PBXTargetDependency */,
			);
			fileSystemSynchronizedGroups = (
				D85596BF2F83FF74005BE7FE /* HappyPianistAVPTests */,
			);
			name = HappyPianistAVPTests;
			packageProductDependencies = (
				A10100000000000000000004 /* Diagnostics */,
				A10200000000000000000005 /* MusicXML */,
				A10200000000000000000006 /* HappyPianistTestFixtures */,
				A10300000000000000000004 /* MIDI */,
				A10400000000000000000004 /* Practice */,
				A10500000000000000000004 /* Notation */,
				A10600000000000000000004 /* Library */,
			);
			productName = HappyPianistAVPTests;
			productReference = D8C8848F2FC3623C00F1D94F /* HappyPianistAVPTests.xctest */;
			productType = "com.apple.product-type.bundle.unit-test";
		};
/* End PBXNativeTarget section */

/* Begin PBXProject section */
		D8D428052F4DFD3800EC9C9B /* Project object */ = {
			isa = PBXProject;
			attributes = {
				BuildIndependentTargetsInParallel = 1;
				LastSwiftUpdateCheck = 2640;
				LastUpgradeCheck = 2640;
				TargetAttributes = {
					B20300000000000000000001 = {
						CreatedOnToolsVersion = 26.4;
					};
					B20300000000000000000002 = {
						CreatedOnToolsVersion = 26.4;
						TestTargetID = B20300000000000000000001;
					};
					D85596A82F83FF72005BE7FE = {
						CreatedOnToolsVersion = 26.4;
					};
					D85596BB2F83FF74005BE7FE = {
						CreatedOnToolsVersion = 26.4;
						TestTargetID = D85596A82F83FF72005BE7FE;
					};
				};
			};
			buildConfigurationList = D8D428082F4DFD3800EC9C9B /* Build configuration list for PBXProject "HappyPianist" */;
			developmentRegion = en;
			hasScannedForEncodings = 0;
			knownRegions = (
				en,
				Base,
			);
			mainGroup = D8D428042F4DFD3800EC9C9B;
			minimizedProjectReferenceProxies = 1;
			packageReferences = (
				A10100000000000000000005 /* XCLocalSwiftPackageReference "Packages/HappyPianistCore" */,
			);
			preferredProjectObjectVersion = 77;
			productRefGroup = D8D428042F4DFD3800EC9C9B;
			projectDirPath = "";
			projectRoot = "";
			targets = (
				D85596A82F83FF72005BE7FE /* HappyPianistAVP */,
				D85596BB2F83FF74005BE7FE /* HappyPianistAVPTests */,
				B20300000000000000000001 /* HappyPianistMac */,
				B20300000000000000000002 /* HappyPianistMacTests */,
			);
		};
/* End PBXProject section */

/* Begin PBXResourcesBuildPhase section */
		B20600000000000000000003 /* Resources */ = {
			isa = PBXResourcesBuildPhase;
			buildActionMask = 2147483647;
			files = (
			);
			runOnlyForDeploymentPostprocessing = 0;
		};
		B20600000000000000000006 /* Resources */ = {
			isa = PBXResourcesBuildPhase;
			buildActionMask = 2147483647;
			files = (
			);
			runOnlyForDeploymentPostprocessing = 0;
		};
		D85596A72F83FF72005BE7FE /* Resources */ = {
			isa = PBXResourcesBuildPhase;
			buildActionMask = 2147483647;
			files = (
			);
			runOnlyForDeploymentPostprocessing = 0;
		};
		D85596BA2F83FF74005BE7FE /* Resources */ = {
			isa = PBXResourcesBuildPhase;
			buildActionMask = 2147483647;
			files = (
			);
			runOnlyForDeploymentPostprocessing = 0;
		};
/* End PBXResourcesBuildPhase section */

/* Begin PBXSourcesBuildPhase section */
		B20600000000000000000001 /* Sources */ = {
			isa = PBXSourcesBuildPhase;
			buildActionMask = 2147483647;
			files = (
			);
			runOnlyForDeploymentPostprocessing = 0;
		};
		B20600000000000000000004 /* Sources */ = {
			isa = PBXSourcesBuildPhase;
			buildActionMask = 2147483647;
			files = (
			);
			runOnlyForDeploymentPostprocessing = 0;
		};
		D85596A52F83FF72005BE7FE /* Sources */ = {
			isa = PBXSourcesBuildPhase;
			buildActionMask = 2147483647;
			files = (
			);
			runOnlyForDeploymentPostprocessing = 0;
		};
		D85596B82F83FF74005BE7FE /* Sources */ = {
			isa = PBXSourcesBuildPhase;
			buildActionMask = 2147483647;
			files = (
			);
			runOnlyForDeploymentPostprocessing = 0;
		};
/* End PBXSourcesBuildPhase section */

/* Begin PBXTargetDependency section */
		B20700000000000000000002 /* PBXTargetDependency */ = {
			isa = PBXTargetDependency;
			target = B20300000000000000000001 /* HappyPianistMac */;
			targetProxy = B20700000000000000000001 /* PBXContainerItemProxy */;
		};
		D85596BE2F83FF74005BE7FE /* PBXTargetDependency */ = {
			isa = PBXTargetDependency;
			target = D85596A82F83FF72005BE7FE /* HappyPianistAVP */;
			targetProxy = D85596BD2F83FF74005BE7FE /* PBXContainerItemProxy */;
		};
/* End PBXTargetDependency section */

/* Begin XCBuildConfiguration section */
		B20800000000000000000001 /* Debug */ = {
			isa = XCBuildConfiguration;
			buildSettings = {
				CODE_SIGN_ENTITLEMENTS = HappyPianistMac/HappyPianistMac.entitlements;
				CODE_SIGN_STYLE = Automatic;
				CURRENT_PROJECT_VERSION = 1;
				DEVELOPMENT_TEAM = RDQHYSDFFG;
				ENABLE_APP_SANDBOX = YES;
				ENABLE_HARDENED_RUNTIME = YES;
				ENABLE_INCOMING_NETWORK_CONNECTIONS = NO;
				ENABLE_OUTGOING_NETWORK_CONNECTIONS = NO;
				ENABLE_PREVIEWS = YES;
				ENABLE_RESOURCE_ACCESS_AUDIO_INPUT = NO;
				ENABLE_RESOURCE_ACCESS_BLUETOOTH = NO;
				ENABLE_RESOURCE_ACCESS_CALENDARS = NO;
				ENABLE_RESOURCE_ACCESS_CAMERA = NO;
				ENABLE_RESOURCE_ACCESS_CONTACTS = NO;
				ENABLE_RESOURCE_ACCESS_LOCATION = NO;
				ENABLE_RESOURCE_ACCESS_PRINTING = NO;
				ENABLE_RESOURCE_ACCESS_USB = NO;
				ENABLE_USER_SELECTED_FILES = readonly;
				GENERATE_INFOPLIST_FILE = NO;
				INFOPLIST_FILE = HappyPianistMac/Info.plist;
				INFOPLIST_KEY_LSApplicationCategoryType = "public.app-category.music";
				LD_RUNPATH_SEARCH_PATHS = (
					"$(inherited)",
					"@executable_path/../Frameworks",
				);
				MACOSX_DEPLOYMENT_TARGET = 26.0;
				MARKETING_VERSION = 1.0;
				PRODUCT_BUNDLE_IDENTIFIER = com.chiimagnus.HappyPianistMac;
				PRODUCT_NAME = "$(TARGET_NAME)";
				SDKROOT = macosx;
				STRING_CATALOG_GENERATE_SYMBOLS = YES;
				SUPPORTED_PLATFORMS = macosx;
				SWIFT_APPROACHABLE_CONCURRENCY = YES;
				SWIFT_DEFAULT_ACTOR_ISOLATION = nonisolated;
				SWIFT_EMIT_LOC_STRINGS = YES;
				SWIFT_UPCOMING_FEATURE_MEMBER_IMPORT_VISIBILITY = YES;
				SWIFT_VERSION = 6.0;
			};
			name = Debug;
		};
		B20800000000000000000002 /* Release */ = {
			isa = XCBuildConfiguration;
			buildSettings = {
				CODE_SIGN_ENTITLEMENTS = HappyPianistMac/HappyPianistMac.entitlements;
				CODE_SIGN_STYLE = Automatic;
				CURRENT_PROJECT_VERSION = 1;
				DEVELOPMENT_TEAM = RDQHYSDFFG;
				ENABLE_APP_SANDBOX = YES;
				ENABLE_HARDENED_RUNTIME = YES;
				ENABLE_INCOMING_NETWORK_CONNECTIONS = NO;
				ENABLE_OUTGOING_NETWORK_CONNECTIONS = NO;
				ENABLE_PREVIEWS = YES;
				ENABLE_RESOURCE_ACCESS_AUDIO_INPUT = NO;
				ENABLE_RESOURCE_ACCESS_BLUETOOTH = NO;
				ENABLE_RESOURCE_ACCESS_CALENDARS = NO;
				ENABLE_RESOURCE_ACCESS_CAMERA = NO;
				ENABLE_RESOURCE_ACCESS_CONTACTS = NO;
				ENABLE_RESOURCE_ACCESS_LOCATION = NO;
				ENABLE_RESOURCE_ACCESS_PRINTING = NO;
				ENABLE_RESOURCE_ACCESS_USB = NO;
				ENABLE_USER_SELECTED_FILES = readonly;
				GENERATE_INFOPLIST_FILE = NO;
				INFOPLIST_FILE = HappyPianistMac/Info.plist;
				INFOPLIST_KEY_LSApplicationCategoryType = "public.app-category.music";
				LD_RUNPATH_SEARCH_PATHS = (
					"$(inherited)",
					"@executable_path/../Frameworks",
				);
				MACOSX_DEPLOYMENT_TARGET = 26.0;
				MARKETING_VERSION = 1.0;
				PRODUCT_BUNDLE_IDENTIFIER = com.chiimagnus.HappyPianistMac;
				PRODUCT_NAME = "$(TARGET_NAME)";
				SDKROOT = macosx;
				STRING_CATALOG_GENERATE_SYMBOLS = YES;
				SUPPORTED_PLATFORMS = macosx;
				SWIFT_APPROACHABLE_CONCURRENCY = YES;
				SWIFT_DEFAULT_ACTOR_ISOLATION = nonisolated;
				SWIFT_EMIT_LOC_STRINGS = YES;
				SWIFT_UPCOMING_FEATURE_MEMBER_IMPORT_VISIBILITY = YES;
				SWIFT_VERSION = 6.0;
				VALIDATE_PRODUCT = YES;
			};
			name = Release;
		};
		B20800000000000000000003 /* Debug */ = {
			isa = XCBuildConfiguration;
			buildSettings = {
				BUNDLE_LOADER = "$(TEST_HOST)";
				CODE_SIGN_STYLE = Automatic;
				CURRENT_PROJECT_VERSION = 1;
				DEVELOPMENT_TEAM = RDQHYSDFFG;
				GENERATE_INFOPLIST_FILE = YES;
				MACOSX_DEPLOYMENT_TARGET = 26.0;
				MARKETING_VERSION = 1.0;
				PRODUCT_BUNDLE_IDENTIFIER = com.chiimagnus.HappyPianistMacTests;
				PRODUCT_NAME = "$(TARGET_NAME)";
				SDKROOT = macosx;
				STRING_CATALOG_GENERATE_SYMBOLS = NO;
				SUPPORTED_PLATFORMS = macosx;
				SWIFT_APPROACHABLE_CONCURRENCY = YES;
				SWIFT_EMIT_LOC_STRINGS = NO;
				SWIFT_UPCOMING_FEATURE_MEMBER_IMPORT_VISIBILITY = YES;
				SWIFT_VERSION = 6.0;
				TEST_HOST = "$(BUILT_PRODUCTS_DIR)/HappyPianistMac.app/Contents/MacOS/HappyPianistMac";
			};
			name = Debug;
		};
		B20800000000000000000004 /* Release */ = {
			isa = XCBuildConfiguration;
			buildSettings = {
				BUNDLE_LOADER = "$(TEST_HOST)";
				CODE_SIGN_STYLE = Automatic;
				CURRENT_PROJECT_VERSION = 1;
				DEVELOPMENT_TEAM = RDQHYSDFFG;
				GENERATE_INFOPLIST_FILE = YES;
				MACOSX_DEPLOYMENT_TARGET = 26.0;
				MARKETING_VERSION = 1.0;
				PRODUCT_BUNDLE_IDENTIFIER = com.chiimagnus.HappyPianistMacTests;
				PRODUCT_NAME = "$(TARGET_NAME)";
				SDKROOT = macosx;
				STRING_CATALOG_GENERATE_SYMBOLS = NO;
				SUPPORTED_PLATFORMS = macosx;
				SWIFT_APPROACHABLE_CONCURRENCY = YES;
				SWIFT_EMIT_LOC_STRINGS = NO;
				SWIFT_UPCOMING_FEATURE_MEMBER_IMPORT_VISIBILITY = YES;
				SWIFT_VERSION = 6.0;
				TEST_HOST = "$(BUILT_PRODUCTS_DIR)/HappyPianistMac.app/Contents/MacOS/HappyPianistMac";
				VALIDATE_PRODUCT = YES;
			};
			name = Release;
		};
		D85596C22F83FF74005BE7FE /* Debug */ = {
			isa = XCBuildConfiguration;
			buildSettings = {
				ASSETCATALOG_COMPILER_APPICON_NAME = AppIcon;
				ASSETCATALOG_COMPILER_GLOBAL_ACCENT_COLOR_NAME = AccentColor;
				CODE_SIGN_STYLE = Automatic;
				CURRENT_PROJECT_VERSION = 1;
				DEVELOPMENT_TEAM = RDQHYSDFFG;
				ENABLE_APP_SANDBOX = YES;
				ENABLE_HARDENED_RUNTIME = YES;
				ENABLE_OUTGOING_NETWORK_CONNECTIONS = YES;
				ENABLE_PREVIEWS = YES;
				ENABLE_RESOURCE_ACCESS_AUDIO_INPUT = YES;
				ENABLE_RESOURCE_ACCESS_BLUETOOTH = YES;
				GENERATE_INFOPLIST_FILE = YES;
				INFOPLIST_FILE = "$(TARGET_NAME)/Resources/Info.plist";
				INFOPLIST_KEY_CFBundleDisplayName = HappyPianist;
				INFOPLIST_KEY_LSApplicationCategoryType = "public.app-category.music";
				LD_RUNPATH_SEARCH_PATHS = (
					"$(inherited)",
					"@executable_path/Frameworks",
				);
				MARKETING_VERSION = 1.0;
				PRODUCT_BUNDLE_IDENTIFIER = com.chiimagnus.HappyPianistAVP;
				PRODUCT_NAME = "$(TARGET_NAME)";
				REGISTER_APP_GROUPS = YES;
				SDKROOT = xros;
				STRING_CATALOG_GENERATE_SYMBOLS = YES;
				SUPPORTED_PLATFORMS = "xros xrsimulator";
				SUPPORTS_MACCATALYST = NO;
				SWIFT_APPROACHABLE_CONCURRENCY = YES;
				SWIFT_DEFAULT_ACTOR_ISOLATION = nonisolated;
				SWIFT_EMIT_LOC_STRINGS = YES;
				SWIFT_UPCOMING_FEATURE_MEMBER_IMPORT_VISIBILITY = YES;
				SWIFT_VERSION = 6.0;
				TARGETED_DEVICE_FAMILY = 7;
				XROS_DEPLOYMENT_TARGET = 26.0;
			};
			name = Debug;
		};
		D85596C32F83FF74005BE7FE /* Release */ = {
			isa = XCBuildConfiguration;
			buildSettings = {
				ASSETCATALOG_COMPILER_APPICON_NAME = AppIcon;
				ASSETCATALOG_COMPILER_GLOBAL_ACCENT_COLOR_NAME = AccentColor;
				CODE_SIGN_STYLE = Automatic;
				CURRENT_PROJECT_VERSION = 1;
				DEVELOPMENT_TEAM = RDQHYSDFFG;
				ENABLE_APP_SANDBOX = YES;
				ENABLE_HARDENED_RUNTIME = YES;
				ENABLE_OUTGOING_NETWORK_CONNECTIONS = YES;
				ENABLE_PREVIEWS = YES;
				ENABLE_RESOURCE_ACCESS_AUDIO_INPUT = YES;
				ENABLE_RESOURCE_ACCESS_BLUETOOTH = YES;
				GENERATE_INFOPLIST_FILE = YES;
				INFOPLIST_FILE = "$(TARGET_NAME)/Resources/Info.plist";
				INFOPLIST_KEY_CFBundleDisplayName = HappyPianist;
				INFOPLIST_KEY_LSApplicationCategoryType = "public.app-category.music";
				LD_RUNPATH_SEARCH_PATHS = (
					"$(inherited)",
					"@executable_path/Frameworks",
				);
				MARKETING_VERSION = 1.0;
				PRODUCT_BUNDLE_IDENTIFIER = com.chiimagnus.HappyPianistAVP;
				PRODUCT_NAME = "$(TARGET_NAME)";
				REGISTER_APP_GROUPS = YES;
				SDKROOT = xros;
				STRING_CATALOG_GENERATE_SYMBOLS = YES;
				SUPPORTED_PLATFORMS = "xros xrsimulator";
				SUPPORTS_MACCATALYST = NO;
				SWIFT_APPROACHABLE_CONCURRENCY = YES;
				SWIFT_DEFAULT_ACTOR_ISOLATION = nonisolated;
				SWIFT_EMIT_LOC_STRINGS = YES;
				SWIFT_UPCOMING_FEATURE_MEMBER_IMPORT_VISIBILITY = YES;
				SWIFT_VERSION = 6.0;
				TARGETED_DEVICE_FAMILY = 7;
				VALIDATE_PRODUCT = YES;
				XROS_DEPLOYMENT_TARGET = 26.0;
			};
			name = Release;
		};
		D85596C42F83FF74005BE7FE /* Debug */ = {
			isa = XCBuildConfiguration;
			buildSettings = {
				BUNDLE_LOADER = "$(TEST_HOST)";
				CODE_SIGN_STYLE = Automatic;
				CURRENT_PROJECT_VERSION = 1;
				DEVELOPMENT_TEAM = RDQHYSDFFG;
				GENERATE_INFOPLIST_FILE = YES;
				MARKETING_VERSION = 1.0;
				PRODUCT_BUNDLE_IDENTIFIER = com.chiimagnus.HappyPianistAVPTests;
				PRODUCT_NAME = "$(TARGET_NAME)";
				SDKROOT = xros;
				STRING_CATALOG_GENERATE_SYMBOLS = NO;
				SUPPORTED_PLATFORMS = "xros xrsimulator";
				SWIFT_APPROACHABLE_CONCURRENCY = YES;
				SWIFT_EMIT_LOC_STRINGS = NO;
				SWIFT_UPCOMING_FEATURE_MEMBER_IMPORT_VISIBILITY = YES;
				SWIFT_VERSION = 6.0;
				TARGETED_DEVICE_FAMILY = 7;
				TEST_HOST = "$(BUILT_PRODUCTS_DIR)/HappyPianistAVP.app/$(BUNDLE_EXECUTABLE_FOLDER_PATH)/HappyPianistAVP";
				XROS_DEPLOYMENT_TARGET = 26.0;
			};
			name = Debug;
		};
		D85596C52F83FF74005BE7FE /* Release */ = {
			isa = XCBuildConfiguration;
			buildSettings = {
				BUNDLE_LOADER = "$(TEST_HOST)";
				CODE_SIGN_STYLE = Automatic;
				CURRENT_PROJECT_VERSION = 1;
				DEVELOPMENT_TEAM = RDQHYSDFFG;
				GENERATE_INFOPLIST_FILE = YES;
				MARKETING_VERSION = 1.0;
				PRODUCT_BUNDLE_IDENTIFIER = com.chiimagnus.HappyPianistAVPTests;
				PRODUCT_NAME = "$(TARGET_NAME)";
				SDKROOT = xros;
				STRING_CATALOG_GENERATE_SYMBOLS = NO;
				SUPPORTED_PLATFORMS = "xros xrsimulator";
				SWIFT_APPROACHABLE_CONCURRENCY = YES;
				SWIFT_EMIT_LOC_STRINGS = NO;
				SWIFT_UPCOMING_FEATURE_MEMBER_IMPORT_VISIBILITY = YES;
				SWIFT_VERSION = 6.0;
				TARGETED_DEVICE_FAMILY = 7;
				TEST_HOST = "$(BUILT_PRODUCTS_DIR)/HappyPianistAVP.app/$(BUNDLE_EXECUTABLE_FOLDER_PATH)/HappyPianistAVP";
				VALIDATE_PRODUCT = YES;
				XROS_DEPLOYMENT_TARGET = 26.0;
			};
			name = Release;
		};
		D8D428162F4DFD3900EC9C9B /* Debug */ = {
			isa = XCBuildConfiguration;
			buildSettings = {
				ALWAYS_SEARCH_USER_PATHS = NO;
				ASSETCATALOG_COMPILER_GENERATE_SWIFT_ASSET_SYMBOL_EXTENSIONS = YES;
				CLANG_ANALYZER_NONNULL = YES;
				CLANG_ANALYZER_NUMBER_OBJECT_CONVERSION = YES_AGGRESSIVE;
				CLANG_CXX_LANGUAGE_STANDARD = "gnu++20";
				CLANG_ENABLE_MODULES = YES;
				CLANG_ENABLE_OBJC_ARC = YES;
				CLANG_ENABLE_OBJC_WEAK = YES;
				CLANG_WARN_BLOCK_CAPTURE_AUTORELEASING = YES;
				CLANG_WARN_BOOL_CONVERSION = YES;
				CLANG_WARN_COMMA = YES;
				CLANG_WARN_CONSTANT_CONVERSION = YES;
				CLANG_WARN_DEPRECATED_OBJC_IMPLEMENTATIONS = YES;
				CLANG_WARN_DIRECT_OBJC_ISA_USAGE = YES_ERROR;
				CLANG_WARN_DOCUMENTATION_COMMENTS = YES;
				CLANG_WARN_EMPTY_BODY = YES;
				CLANG_WARN_ENUM_CONVERSION = YES;
				CLANG_WARN_INFINITE_RECURSION = YES;
				CLANG_WARN_INT_CONVERSION = YES;
				CLANG_WARN_NON_LITERAL_NULL_CONVERSION = YES;
				CLANG_WARN_OBJC_IMPLICIT_RETAIN_SELF = YES;
				CLANG_WARN_OBJC_LITERAL_CONVERSION = YES;
				CLANG_WARN_OBJC_ROOT_CLASS = YES_ERROR;
				CLANG_WARN_QUOTED_INCLUDE_IN_FRAMEWORK_HEADER = YES;
				CLANG_WARN_RANGE_LOOP_ANALYSIS = YES;
				CLANG_WARN_STRICT_PROTOTYPES = YES;
				CLANG_WARN_SUSPICIOUS_MOVE = YES;
				CLANG_WARN_UNGUARDED_AVAILABILITY = YES_AGGRESSIVE;
				CLANG_WARN_UNREACHABLE_CODE = YES;
				CLANG_WARN__DUPLICATE_METHOD_MATCH = YES;
				COPY_PHASE_STRIP = NO;
				DEAD_CODE_STRIPPING = YES;
				DEBUG_INFORMATION_FORMAT = dwarf;
				DEVELOPMENT_TEAM = RDQHYSDFFG;
				ENABLE_STRICT_OBJC_MSGSEND = YES;
				ENABLE_TESTABILITY = YES;
				ENABLE_USER_SCRIPT_SANDBOXING = YES;
				GCC_C_LANGUAGE_STANDARD = gnu17;
				GCC_DYNAMIC_NO_PIC = NO;
				GCC_NO_COMMON_BLOCKS = YES;
				GCC_OPTIMIZATION_LEVEL = 0;
				GCC_PREPROCESSOR_DEFINITIONS = (
					"DEBUG=1",
					"$(inherited)",
				);
				GCC_WARN_64_TO_32_BIT_CONVERSION = YES;
				GCC_WARN_ABOUT_RETURN_TYPE = YES_ERROR;
				GCC_WARN_UNDECLARED_SELECTOR = YES;
				GCC_WARN_UNINITIALIZED_AUTOS = YES_AGGRESSIVE;
				GCC_WARN_UNUSED_FUNCTION = YES;
				GCC_WARN_UNUSED_VARIABLE = YES;
				LOCALIZATION_PREFERS_STRING_CATALOGS = YES;
				MACOSX_DEPLOYMENT_TARGET = 26.0;
				MTL_ENABLE_DEBUG_INFO = INCLUDE_SOURCE;
				MTL_FAST_MATH = YES;
				ONLY_ACTIVE_ARCH = YES;
				SDKROOT = macosx;
				STRING_CATALOG_GENERATE_SYMBOLS = YES;
				SWIFT_ACTIVE_COMPILATION_CONDITIONS = "DEBUG $(inherited)";
				SWIFT_OPTIMIZATION_LEVEL = "-Onone";
			};
			name = Debug;
		};
		D8D428172F4DFD3900EC9C9B /* Release */ = {
			isa = XCBuildConfiguration;
			buildSettings = {
				ALWAYS_SEARCH_USER_PATHS = NO;
				ASSETCATALOG_COMPILER_GENERATE_SWIFT_ASSET_SYMBOL_EXTENSIONS = YES;
				CLANG_ANALYZER_NONNULL = YES;
				CLANG_ANALYZER_NUMBER_OBJECT_CONVERSION = YES_AGGRESSIVE;
				CLANG_CXX_LANGUAGE_STANDARD = "gnu++20";
				CLANG_ENABLE_MODULES = YES;
				CLANG_ENABLE_OBJC_ARC = YES;
				CLANG_ENABLE_OBJC_WEAK = YES;
				CLANG_WARN_BLOCK_CAPTURE_AUTORELEASING = YES;
				CLANG_WARN_BOOL_CONVERSION = YES;
				CLANG_WARN_COMMA = YES;
				CLANG_WARN_CONSTANT_CONVERSION = YES;
				CLANG_WARN_DEPRECATED_OBJC_IMPLEMENTATIONS = YES;
				CLANG_WARN_DIRECT_OBJC_ISA_USAGE = YES_ERROR;
				CLANG_WARN_DOCUMENTATION_COMMENTS = YES;
				CLANG_WARN_EMPTY_BODY = YES;
				CLANG_WARN_ENUM_CONVERSION = YES;
				CLANG_WARN_INFINITE_RECURSION = YES;
				CLANG_WARN_INT_CONVERSION = YES;
				CLANG_WARN_NON_LITERAL_NULL_CONVERSION = YES;
				CLANG_WARN_OBJC_IMPLICIT_RETAIN_SELF = YES;
				CLANG_WARN_OBJC_LITERAL_CONVERSION = YES;
				CLANG_WARN_OBJC_ROOT_CLASS = YES_ERROR;
				CLANG_WARN_QUOTED_INCLUDE_IN_FRAMEWORK_HEADER = YES;
				CLANG_WARN_RANGE_LOOP_ANALYSIS = YES;
				CLANG_WARN_STRICT_PROTOTYPES = YES;
				CLANG_WARN_SUSPICIOUS_MOVE = YES;
				CLANG_WARN_UNGUARDED_AVAILABILITY = YES_AGGRESSIVE;
				CLANG_WARN_UNREACHABLE_CODE = YES;
				CLANG_WARN__DUPLICATE_METHOD_MATCH = YES;
				COPY_PHASE_STRIP = NO;
				DEAD_CODE_STRIPPING = YES;
				DEBUG_INFORMATION_FORMAT = "dwarf-with-dsym";
				DEVELOPMENT_TEAM = RDQHYSDFFG;
				ENABLE_NS_ASSERTIONS = NO;
				ENABLE_STRICT_OBJC_MSGSEND = YES;
				ENABLE_USER_SCRIPT_SANDBOXING = YES;
				GCC_C_LANGUAGE_STANDARD = gnu17;
				GCC_NO_COMMON_BLOCKS = YES;
				GCC_WARN_64_TO_32_BIT_CONVERSION = YES;
				GCC_WARN_ABOUT_RETURN_TYPE = YES_ERROR;
				GCC_WARN_UNDECLARED_SELECTOR = YES;
				GCC_WARN_UNINITIALIZED_AUTOS = YES_AGGRESSIVE;
				GCC_WARN_UNUSED_FUNCTION = YES;
				GCC_WARN_UNUSED_VARIABLE = YES;
				LOCALIZATION_PREFERS_STRING_CATALOGS = YES;
				MACOSX_DEPLOYMENT_TARGET = 26.0;
				MTL_ENABLE_DEBUG_INFO = NO;
				MTL_FAST_MATH = YES;
				SDKROOT = macosx;
				STRING_CATALOG_GENERATE_SYMBOLS = YES;
				SWIFT_COMPILATION_MODE = wholemodule;
			};
			name = Release;
		};
/* End XCBuildConfiguration section */

/* Begin XCConfigurationList section */
		B20900000000000000000001 /* Build configuration list for PBXNativeTarget "HappyPianistMac" */ = {
			isa = XCConfigurationList;
			buildConfigurations = (
				B20800000000000000000001 /* Debug */,
				B20800000000000000000002 /* Release */,
			);
			defaultConfigurationIsVisible = 0;
			defaultConfigurationName = Release;
		};
		B20900000000000000000002 /* Build configuration list for PBXNativeTarget "HappyPianistMacTests" */ = {
			isa = XCConfigurationList;
			buildConfigurations = (
				B20800000000000000000003 /* Debug */,
				B20800000000000000000004 /* Release */,
			);
			defaultConfigurationIsVisible = 0;
			defaultConfigurationName = Release;
		};
		D85596C72F83FF74005BE7FE /* Build configuration list for PBXNativeTarget "HappyPianistAVP" */ = {
			isa = XCConfigurationList;
			buildConfigurations = (
				D85596C22F83FF74005BE7FE /* Debug */,
				D85596C32F83FF74005BE7FE /* Release */,
			);
			defaultConfigurationIsVisible = 0;
			defaultConfigurationName = Release;
		};
		D85596C82F83FF74005BE7FE /* Build configuration list for PBXNativeTarget "HappyPianistAVPTests" */ = {
			isa = XCConfigurationList;
			buildConfigurations = (
				D85596C42F83FF74005BE7FE /* Debug */,
				D85596C52F83FF74005BE7FE /* Release */,
			);
			defaultConfigurationIsVisible = 0;
			defaultConfigurationName = Release;
		};
		D8D428082F4DFD3800EC9C9B /* Build configuration list for PBXProject "HappyPianist" */ = {
			isa = XCConfigurationList;
			buildConfigurations = (
				D8D428162F4DFD3900EC9C9B /* Debug */,
				D8D428172F4DFD3900EC9C9B /* Release */,
			);
			defaultConfigurationIsVisible = 0;
			defaultConfigurationName = Release;
		};
/* End XCConfigurationList section */

/* Begin XCLocalSwiftPackageReference section */
		A10100000000000000000005 /* XCLocalSwiftPackageReference "Packages/HappyPianistCore" */ = {
			isa = XCLocalSwiftPackageReference;
			relativePath = Packages/HappyPianistCore;
		};
/* End XCLocalSwiftPackageReference section */

/* Begin XCSwiftPackageProductDependency section */
		A10100000000000000000003 /* Diagnostics */ = {
			isa = XCSwiftPackageProductDependency;
			package = A10100000000000000000005 /* XCLocalSwiftPackageReference "Packages/HappyPianistCore" */;
			productName = Diagnostics;
		};
		A10100000000000000000004 /* Diagnostics */ = {
			isa = XCSwiftPackageProductDependency;
			package = A10100000000000000000005 /* XCLocalSwiftPackageReference "Packages/HappyPianistCore" */;
			productName = Diagnostics;
		};
		A10200000000000000000004 /* MusicXML */ = {
			isa = XCSwiftPackageProductDependency;
			package = A10100000000000000000005 /* XCLocalSwiftPackageReference "Packages/HappyPianistCore" */;
			productName = MusicXML;
		};
		A10200000000000000000005 /* MusicXML */ = {
			isa = XCSwiftPackageProductDependency;
			package = A10100000000000000000005 /* XCLocalSwiftPackageReference "Packages/HappyPianistCore" */;
			productName = MusicXML;
		};
		A10200000000000000000006 /* HappyPianistTestFixtures */ = {
			isa = XCSwiftPackageProductDependency;
			package = A10100000000000000000005 /* XCLocalSwiftPackageReference "Packages/HappyPianistCore" */;
			productName = HappyPianistTestFixtures;
		};
		A10300000000000000000003 /* MIDI */ = {
			isa = XCSwiftPackageProductDependency;
			package = A10100000000000000000005 /* XCLocalSwiftPackageReference "Packages/HappyPianistCore" */;
			productName = MIDI;
		};
		A10300000000000000000004 /* MIDI */ = {
			isa = XCSwiftPackageProductDependency;
			package = A10100000000000000000005 /* XCLocalSwiftPackageReference "Packages/HappyPianistCore" */;
			productName = MIDI;
		};
		A10400000000000000000003 /* Practice */ = {
			isa = XCSwiftPackageProductDependency;
			package = A10100000000000000000005 /* XCLocalSwiftPackageReference "Packages/HappyPianistCore" */;
			productName = Practice;
		};
		A10400000000000000000004 /* Practice */ = {
			isa = XCSwiftPackageProductDependency;
			package = A10100000000000000000005 /* XCLocalSwiftPackageReference "Packages/HappyPianistCore" */;
			productName = Practice;
		};
		A10500000000000000000003 /* Notation */ = {
			isa = XCSwiftPackageProductDependency;
			package = A10100000000000000000005 /* XCLocalSwiftPackageReference "Packages/HappyPianistCore" */;
			productName = Notation;
		};
		A10500000000000000000004 /* Notation */ = {
			isa = XCSwiftPackageProductDependency;
			package = A10100000000000000000005 /* XCLocalSwiftPackageReference "Packages/HappyPianistCore" */;
			productName = Notation;
		};
		A10600000000000000000003 /* Library */ = {
			isa = XCSwiftPackageProductDependency;
			package = A10100000000000000000005 /* XCLocalSwiftPackageReference "Packages/HappyPianistCore" */;
			productName = Library;
		};
		A10600000000000000000004 /* Library */ = {
			isa = XCSwiftPackageProductDependency;
			package = A10100000000000000000005 /* XCLocalSwiftPackageReference "Packages/HappyPianistCore" */;
			productName = Library;
		};
		B21000000000000000000001 /* Diagnostics */ = {
			isa = XCSwiftPackageProductDependency;
			package = A10100000000000000000005 /* XCLocalSwiftPackageReference "Packages/HappyPianistCore" */;
			productName = Diagnostics;
		};
		B21000000000000000000002 /* MusicXML */ = {
			isa = XCSwiftPackageProductDependency;
			package = A10100000000000000000005 /* XCLocalSwiftPackageReference "Packages/HappyPianistCore" */;
			productName = MusicXML;
		};
		B21000000000000000000003 /* MIDI */ = {
			isa = XCSwiftPackageProductDependency;
			package = A10100000000000000000005 /* XCLocalSwiftPackageReference "Packages/HappyPianistCore" */;
			productName = MIDI;
		};
		B21000000000000000000004 /* Practice */ = {
			isa = XCSwiftPackageProductDependency;
			package = A10100000000000000000005 /* XCLocalSwiftPackageReference "Packages/HappyPianistCore" */;
			productName = Practice;
		};
		B21000000000000000000005 /* Notation */ = {
			isa = XCSwiftPackageProductDependency;
			package = A10100000000000000000005 /* XCLocalSwiftPackageReference "Packages/HappyPianistCore" */;
			productName = Notation;
		};
		B21000000000000000000006 /* Library */ = {
			isa = XCSwiftPackageProductDependency;
			package = A10100000000000000000005 /* XCLocalSwiftPackageReference "Packages/HappyPianistCore" */;
			productName = Library;
		};
		B21100000000000000000001 /* Diagnostics */ = {
			isa = XCSwiftPackageProductDependency;
			package = A10100000000000000000005 /* XCLocalSwiftPackageReference "Packages/HappyPianistCore" */;
			productName = Diagnostics;
		};
		B21100000000000000000002 /* MusicXML */ = {
			isa = XCSwiftPackageProductDependency;
			package = A10100000000000000000005 /* XCLocalSwiftPackageReference "Packages/HappyPianistCore" */;
			productName = MusicXML;
		};
		B21100000000000000000003 /* HappyPianistTestFixtures */ = {
			isa = XCSwiftPackageProductDependency;
			package = A10100000000000000000005 /* XCLocalSwiftPackageReference "Packages/HappyPianistCore" */;
			productName = HappyPianistTestFixtures;
		};
		B21100000000000000000004 /* MIDI */ = {
			isa = XCSwiftPackageProductDependency;
			package = A10100000000000000000005 /* XCLocalSwiftPackageReference "Packages/HappyPianistCore" */;
			productName = MIDI;
		};
		B21100000000000000000005 /* Practice */ = {
			isa = XCSwiftPackageProductDependency;
			package = A10100000000000000000005 /* XCLocalSwiftPackageReference "Packages/HappyPianistCore" */;
			productName = Practice;
		};
		B21100000000000000000006 /* Library */ = {
			isa = XCSwiftPackageProductDependency;
			package = A10100000000000000000005 /* XCLocalSwiftPackageReference "Packages/HappyPianistCore" */;
			productName = Library;
		};
		D85596AD2F83FF72005BE7FE /* RealityKitContent */ = {
			isa = XCSwiftPackageProductDependency;
			productName = RealityKitContent;
		};
/* End XCSwiftPackageProductDependency section */
	};
	rootObject = D8D428052F4DFD3800EC9C9B /* Project object */;
}
